
Microsoft Visual Studio Solution File, Format Version 12.00
# Visual Studio Version 17
VisualStudioVersion = 17.4.33213.308
MinimumVisualStudioVersion = 10.0.40219.1
Project("{FAE04EC0-301F-11D3-BF4B-00C04F79EFBC}") = "ZenitramUI", "ZenitramUI.csproj", "{FB3C31CA-0B04-4308-8170-277BE4753908}"
EndProject
Global
	GlobalSection(SolutionConfigurationPlatforms) = preSolution
		Debug|Any CPU = Debug|Any CPU
		Release|Any CPU = Release|Any CPU
	EndGlobalSection
	GlobalSection(ProjectConfigurationPlatforms) = postSolution
		{FB3C31CA-0B04-4308-8170-277BE4753908}.Debug|Any CPU.ActiveCfg = Debug|Any CPU
		{FB3C31CA-0B04-4308-8170-277BE4753908}.Debug|Any CPU.Build.0 = Debug|Any CPU
		{FB3C31CA-0B04-4308-8170-277BE4753908}.Release|Any CPU.ActiveCfg = Release|Any CPU
		{FB3C31CA-0B04-4308-8170-277BE4753908}.Release|Any CPU.Build.0 = Release|Any CPU
	EndGlobalSection
	GlobalSection(SolutionProperties) = preSolution
		HideSolutionNode = FALSE
	EndGlobalSection
	GlobalSection(ExtensibilityGlobals) = postSolution
		SolutionGuid = {F76E0479-873F-474D-B19A-0DCE3A8D2DBD}
	EndGlobalSection
EndGlobal
